{
  "name": "@workspace/api-zod",
  "version": "0.0.0",
  "lockfileVersion": 3,
  "requires": true,
  "packages": {
    "": {
      "name": "@workspace/api-zod",
      "version": "0.0.0",
      "dependencies": {
        "zod": "3.25.1"
      }
    },
    "node_modules/zod": {
      "version": "3.25.1",
      "resolved": "https://registry.npmmirror.com/zod/-/zod-3.25.1.tgz",
      "integrity": "sha512-bkxUGQiqWDTXHSgqtevYDri5ee2GPC9szPct4pqpzLEpswgDQmuseDz81ZF0AnNu1xsmnBVmbtv/t/WeUIHlpg==",
      "license": "MIT",
      "funding": {
        "url": "https://github.com/sponsors/colinhacks"
      }
    }
  }
}
